{
    "_readme": [
        "This file locks the dependencies of your project to a known state",
        "Read more about it at https://getcomposer.org/doc/01-basic-usage.md#installing-dependencies",
        "This file is @generated automatically"
    ],
    "content-hash": "205322b7a9857f8371447cfe9cab47cf",
    "packages": [
        {
            "name": "psr/http-message",
            "version": "1.1",
            "source": {
                "type": "git",
                "url": "https://github.com/php-fig/http-message.git",
                "reference": "cb6ce4845ce34a8ad9e68117c10ee90a29919eba"
            },
            "dist": {
                "type": "zip",
                "url": "https://api.github.com/repos/php-fig/http-message/zipball/cb6ce4845ce34a8ad9e68117c10ee90a29919eba",
                "reference": "cb6ce4845ce34a8ad9e68117c10ee90a29919eba",
                "shasum": ""
            },
            "require": {
                "php": "^7.2 || ^8.0"
            },
            "type": "library",
            "extra": {
                "branch-alias": {
                    "dev-master": "1.1.x-dev"
                }
            },
            "autoload": {
                "psr-4": {
                    "Psr\\Http\\Message\\": "src/"
                }
            },
            "notification-url": "https://packagist.org/downloads/",
            "license": [
                "MIT"
            ],
            "authors": [
                {
                    "name": "PHP-FIG",
                    "homepage": "http://www.php-fig.org/"
                }
            ],
            "description": "Common interface for HTTP messages",
            "homepage": "https://github.com/php-fig/http-message",
            "keywords": [
                "http",
                "http-message",
                "psr",
                "psr-7",
                "request",
                "response"
            ],
            "support": {
                "source": "https://github.com/php-fig/http-message/tree/1.1"
            },
            "time": "2023-04-04T09:50:52+00:00"
        },
        {
            "name": "riimu/kit-urlparser",
            "version": "v2.2.0",
            "source": {
                "type": "git",
                "url": "https://github.com/Riimu/Kit-UrlParser.git",
                "reference": "483d9807582b2f524564bcbe58017d985e1907e0"
            },
            "dist": {
                "type": "zip",
                "url": "https://api.github.com/repos/Riimu/Kit-UrlParser/zipball/483d9807582b2f524564bcbe58017d985e1907e0",
                "reference": "483d9807582b2f524564bcbe58017d985e1907e0",
                "shasum": ""
            },
            "require": {
                "php": ">=5.6.0",
                "psr/http-message": "^1.0"
            },
            "suggest": {
                "ext-intl": "Required to parse URIs with IDNs"
            },
            "type": "library",
            "autoload": {
                "psr-4": {
                    "Riimu\\Kit\\UrlParser\\": "src/"
                }
            },
            "notification-url": "https://packagist.org/downloads/",
            "license": [
                "MIT"
            ],
            "authors": [
                {
                    "name": "Riikka Kalliomäki",
                    "email": "riikka.kalliomaki@gmail.com",
                    "homepage": "http://riimu.net"
                }
            ],
            "description": "RFC 3986 compliant url parsing library with PSR-7 Uri component",
            "homepage": "http://kit.riimu.net",
            "keywords": [
                "parser",
                "psr-7",
                "rfc3986",
                "uri",
                "url"
            ],
            "support": {
                "issues": "https://github.com/Riimu/Kit-UrlParser/issues",
                "source": "https://github.com/Riimu/Kit-UrlParser/tree/v2.2.0"
            },
            "time": "2022-12-13T18:51:30+00:00"
        }
    ],
    "packages-dev": [],
    "aliases": [],
    "minimum-stability": "stable",
    "stability-flags": [],
    "prefer-stable": false,
    "prefer-lowest": false,
    "platform": [],
    "platform-dev": [],
    "plugin-api-version": "2.3.0"
}
